
Microsoft Visual Studio Solution File, Format Version 12.00
# Visual Studio Version 17
VisualStudioVersion = 17.14.36127.28 d17.14
MinimumVisualStudioVersion = 10.0.40219.1
Project("{FAE04EC0-301F-11D3-BF4B-00C04F79EFBC}") = "demo 158", "demo 158\demo 158.csproj", "{4680BDE4-1C04-449F-94A3-314CDB4C7B10}"
EndProject
Global
	GlobalSection(SolutionConfigurationPlatforms) = preSolution
		Debug|Any CPU = Debug|Any CPU
		Release|Any CPU = Release|Any CPU
	EndGlobalSection
	GlobalSection(ProjectConfigurationPlatforms) = postSolution
		{4680BDE4-1C04-449F-94A3-314CDB4C7B10}.Debug|Any CPU.ActiveCfg = Debug|Any CPU
		{4680BDE4-1C04-449F-94A3-314CDB4C7B10}.Debug|Any CPU.Build.0 = Debug|Any CPU
		{4680BDE4-1C04-449F-94A3-314CDB4C7B10}.Release|Any CPU.ActiveCfg = Release|Any CPU
		{4680BDE4-1C04-449F-94A3-314CDB4C7B10}.Release|Any CPU.Build.0 = Release|Any CPU
	EndGlobalSection
	GlobalSection(SolutionProperties) = preSolution
		HideSolutionNode = FALSE
	EndGlobalSection
	GlobalSection(ExtensibilityGlobals) = postSolution
		SolutionGuid = {768E5493-94D3-4EF8-B74C-63A85E27FD2E}
	EndGlobalSection
EndGlobal
